{
    "_readme": [
        "This file locks the dependencies of your project to a known state",
        "Read more about it at https://getcomposer.org/doc/01-basic-usage.md#installing-dependencies",
        "This file is @generated automatically"
    ],
    "content-hash": "06ef518e2197b234ff9f33ef04855b17",
    "packages": [
        {
            "name": "kaipfeiffer/tramp",
            "version": "dev-main",
            "source": {
                "type": "git",
                "url": "https://github.com/kaipfeiffer/tramp.git",
                "reference": "fdc36999b0e5e785db79a2202baf3532712ee9b9"
            },
            "dist": {
                "type": "zip",
                "url": "https://api.github.com/repos/kaipfeiffer/tramp/zipball/fdc36999b0e5e785db79a2202baf3532712ee9b9",
                "reference": "fdc36999b0e5e785db79a2202baf3532712ee9b9",
                "shasum": ""
            },
            "require": {
                "ext-mbstring": "*",
                "php": "^7.3|^8.0"
            },
            "default-branch": true,
            "type": "library",
            "autoload": {
                "psr-4": {
                    "Kaipfeiffer\\Tramp\\": "src"
                }
            },
            "license": [
                "LGPL-3.0-or-later"
            ],
            "authors": [
                {
                    "name": "Kai Pfeiffer",
                    "email": "kp@loworx.com",
                    "homepage": "http://loworx.com"
                }
            ],
            "homepage": "https://loworx.com",
            "keywords": [
                "php"
            ],
            "support": {
                "source": "https://github.com/kaipfeiffer/tramp/tree/main",
                "issues": "https://github.com/kaipfeiffer/tramp/issues"
            },
            "time": "2025-03-15T14:24:20+00:00"
        }
    ],
    "packages-dev": [],
    "aliases": [],
    "minimum-stability": "stable",
    "stability-flags": {
        "kaipfeiffer/tramp": 20
    },
    "prefer-stable": false,
    "prefer-lowest": false,
    "platform": {},
    "platform-dev": {},
    "plugin-api-version": "2.6.0"
}
